
Microsoft Visual Studio Solution File, Format Version 12.00
# Visual Studio Version 18
VisualStudioVersion = 18.0.11222.15 d18.0
MinimumVisualStudioVersion = 10.0.40219.1
Project("{2150E333-8FDC-42A3-9474-1A3956D46DE8}") = "common", "common", "{7D261E2A-B46B-478A-A9E2-42815C4E5993}"
EndProject
Project("{2150E333-8FDC-42A3-9474-1A3956D46DE8}") = "modules", "modules", "{26F26A16-A771-42DF-AA15-69A66379ABC8}"
EndProject
Project("{FAE04EC0-301F-11D3-BF4B-00C04F79EFBC}") = "WPF.Admin.Models", "WPF.Admin.Models\WPF.Admin.Models.csproj", "{2777E3A9-0C66-4F4D-BA68-F2A42803FD8F}"
EndProject
Project("{FAE04EC0-301F-11D3-BF4B-00C04F79EFBC}") = "WPFAdmin.DialogModules", "WPFAdmin.DialogModules\WPFAdmin.DialogModules.csproj", "{78A4A09A-B20F-4103-9DF4-B5AE77AEC17B}"
EndProject
Project("{FAE04EC0-301F-11D3-BF4B-00C04F79EFBC}") = "WPFAdmin.NavigationModules", "WPFAdmin.NavigationModules\WPFAdmin.NavigationModules.csproj", "{720EF34A-9CE7-4EBD-A7BA-5B1E7F0BD173}"
EndProject
Project("{FAE04EC0-301F-11D3-BF4B-00C04F79EFBC}") = "WPFAdmin", "WPFAdmin\WPFAdmin.csproj", "{B2F0EB2E-B796-482A-872B-9AC04CB7D336}"
EndProject
Project("{FAE04EC0-301F-11D3-BF4B-00C04F79EFBC}") = "WPF.Admin.Themes", "WPF.Admin.Themes\WPF.Admin.Themes.csproj", "{2DF7B4AB-42D7-4440-A79F-BF791CE1CD42}"
EndProject
Project("{2150E333-8FDC-42A3-9474-1A3956D46DE8}") = "homeNavigationModules", "homeNavigationModules", "{6EFA3031-9EFE-40F1-BCEE-D7BE9F152013}"
EndProject
Project("{FAE04EC0-301F-11D3-BF4B-00C04F79EFBC}") = "GanttChartModules", "GanttChartModules\GanttChartModules.csproj", "{FB8DF3D2-646E-43CB-A33F-157E5693FE31}"
EndProject
Project("{FAE04EC0-301F-11D3-BF4B-00C04F79EFBC}") = "AboutModules", "AboutModules\AboutModules.csproj", "{6BEF36E3-52CE-45B2-B587-1E7149E527E3}"
EndProject
Project("{FAE04EC0-301F-11D3-BF4B-00C04F79EFBC}") = "AntDiagramModules", "AntDiagramModules\AntDiagramModules.csproj", "{206EEE1E-16E9-440A-A0AA-E6EF91D5F597}"
EndProject
Project("{FAE04EC0-301F-11D3-BF4B-00C04F79EFBC}") = "DataValidatorModules", "DataValidatorModules\DataValidatorModules.csproj", "{A2C0A56F-F30A-4449-A273-9483E3EB745C}"
EndProject
Project("{FAE04EC0-301F-11D3-BF4B-00C04F79EFBC}") = "QrCodeModules", "QrCodeModules\QrCodeModules.csproj", "{3DA82923-E485-4685-9A8D-02D3CF702F95}"
EndProject
Project("{FAE04EC0-301F-11D3-BF4B-00C04F79EFBC}") = "RouterEventModules", "RouterEventModules\RouterEventModules.csproj", "{23F5247F-885C-4A94-9A29-C8A3FB0AB947}"
EndProject
Project("{FAE04EC0-301F-11D3-BF4B-00C04F79EFBC}") = "TopicModules", "TopicModules\TopicModules.csproj", "{3EF4D945-2E87-4087-94E5-3958770149BF}"
EndProject
Project("{FAE04EC0-301F-11D3-BF4B-00C04F79EFBC}") = "GetColorModules", "GetColorModules\GetColorModules.csproj", "{9760FEF4-98AD-4415-8F48-CE14ADD919CD}"
EndProject
Project("{FAE04EC0-301F-11D3-BF4B-00C04F79EFBC}") = "CarouselModules", "CarouselModules\CarouselModules.csproj", "{D967566B-96C8-4F06-8CA9-379723CB3135}"
EndProject
Project("{FAE04EC0-301F-11D3-BF4B-00C04F79EFBC}") = "InfiniteScrollingModules", "InfiniteScrollingModules\InfiniteScrollingModules.csproj", "{778DA9CF-7C73-40DA-AEAF-54C45EEBEC6F}"
EndProject
Project("{FAE04EC0-301F-11D3-BF4B-00C04F79EFBC}") = "CustomModules", "CustomModules\CustomModules.csproj", "{197062BB-62A5-4116-821A-652FEF37E731}"
EndProject
Project("{FAE04EC0-301F-11D3-BF4B-00C04F79EFBC}") = "WPFAdmin.LoginModules", "WPFAdmin.LoginModules\WPFAdmin.LoginModules.csproj", "{D16F015C-F286-4457-9BE8-10F0898B0447}"
EndProject
Project("{FAE04EC0-301F-11D3-BF4B-00C04F79EFBC}") = "WPF.Admin.Service", "WPF.Admin.Service\WPF.Admin.Service.csproj", "{40241710-8EEE-42D4-93D6-E94BACD2D3F4}"
EndProject
Project("{FAE04EC0-301F-11D3-BF4B-00C04F79EFBC}") = "WPF.SharedMemory", "WPF.SharedMemory\WPF.SharedMemory.csproj", "{01210CA1-6F07-42CD-A8B7-C8BAADE351E1}"
EndProject
Project("{FAE04EC0-301F-11D3-BF4B-00C04F79EFBC}") = "SharedMemoryDemoModules", "SharedMemoryDemoModules\SharedMemoryDemoModules.csproj", "{5B8EFC6B-18A4-456A-B082-077407FE3954}"
EndProject
Project("{2150E333-8FDC-42A3-9474-1A3956D46DE8}") = "SystemModules", "SystemModules", "{10238320-9030-4BDE-9433-9689E93C2AFC}"
EndProject
Project("{FAE04EC0-301F-11D3-BF4B-00C04F79EFBC}") = "SystemModules", "SystemModules\SystemModules.csproj", "{F04E79A6-752D-43C1-B058-8C23898D5911}"
EndProject
Project("{2150E333-8FDC-42A3-9474-1A3956D46DE8}") = "Solution Items", "Solution Items", "{02EA681E-C7D8-13C7-8484-4AC65E1B71E8}"
	ProjectSection(SolutionItems) = preProject
		.editorconfig = .editorconfig
	EndProjectSection
EndProject
Project("{FAE04EC0-301F-11D3-BF4B-00C04F79EFBC}") = "WPF.Admin.Http.Request", "WPF.Admin.Http.Request\WPF.Admin.Http.Request.csproj", "{BF9CA831-314E-4E45-996D-FF269E36B336}"
EndProject
Project("{2150E333-8FDC-42A3-9474-1A3956D46DE8}") = "test", "test", "{B1A78237-79C8-4F4F-BB81-230D906052F1}"
EndProject
Project("{FAE04EC0-301F-11D3-BF4B-00C04F79EFBC}") = "HttpRequest.Test", "HttpRequest.Test\HttpRequest.Test.csproj", "{393767F4-17C1-4C12-B5D0-DDC8279807A5}"
EndProject
Project("{FAE04EC0-301F-11D3-BF4B-00C04F79EFBC}") = "HttpRequestUnit", "HttpRequestUnit\HttpRequestUnit.csproj", "{AF47D3BF-1B6E-4E1B-8DD0-5592CE8FCF48}"
EndProject
Project("{2150E333-8FDC-42A3-9474-1A3956D46DE8}") = "setup", "setup", "{64CA13E4-AAA0-4572-810B-146538904919}"
EndProject
Project("{FAE04EC0-301F-11D3-BF4B-00C04F79EFBC}") = "Xioa.Setup", "Xioa.Setup\Xioa.Setup.csproj", "{7B6AC0D8-2CAB-49A5-A196-418B55CCCF9C}"
EndProject
Project("{2150E333-8FDC-42A3-9474-1A3956D46DE8}") = "cms", "cms", "{79D04301-5D74-43F8-9ADD-ECD440C6C7D5}"
EndProject
Project("{FAE04EC0-301F-11D3-BF4B-00C04F79EFBC}") = "PressMachineCMS", "PressMachineCMS\PressMachineCMS.csproj", "{7B50E97D-C38C-4E6C-A10C-B6BE7A61D91F}"
EndProject
Project("{FAE04EC0-301F-11D3-BF4B-00C04F79EFBC}") = "CMS.ReaderConfigLIbrary", "CMS.ReaderConfigLIbrary\CMS.ReaderConfigLIbrary.csproj", "{D4D72C47-EB1A-4C04-8908-2942D4FE4B70}"
EndProject
Project("{FAE04EC0-301F-11D3-BF4B-00C04F79EFBC}") = "CMS.Plcs.Test", "CMS.Plcs.Test\CMS.Plcs.Test.csproj", "{5333DAAF-E23C-4F8A-98C5-FA942076C9EE}"
EndProject
Project("{FAE04EC0-301F-11D3-BF4B-00C04F79EFBC}") = "WServices.Test", "WServices.Test\WServices.Test.csproj", "{A44DD50D-76A6-43EE-86DE-4B1992A36D66}"
EndProject
Project("{2150E333-8FDC-42A3-9474-1A3956D46DE8}") = "external", "external", "{D0EBCC1B-1721-46FD-A526-AC87B477FF5D}"
EndProject
Project("{FAE04EC0-301F-11D3-BF4B-00C04F79EFBC}") = "External.GrpcServices", "External.GrpcServices\External.GrpcServices.csproj", "{64E009BA-40C4-46F0-820C-F836E4F20773}"
EndProject
Project("{FAE04EC0-301F-11D3-BF4B-00C04F79EFBC}") = "GrpcServices.Test", "GrpcServices.Test\GrpcServices.Test.csproj", "{9743517F-D82D-412C-AF48-DE2BCC32D51E}"
EndProject
Project("{FAE04EC0-301F-11D3-BF4B-00C04F79EFBC}") = "CMS.AppSettings", "CMS.AppSettings\CMS.AppSettings.csproj", "{225C8C81-CF62-4228-8855-3ABC72AA0720}"
EndProject
Project("{FAE04EC0-301F-11D3-BF4B-00C04F79EFBC}") = "WPFAdmin.AuthApplication", "WPFAdmin.AuthApplication\WPFAdmin.AuthApplication.csproj", "{D415EA93-78D1-444A-A2D8-90701F366234}"
EndProject
Project("{FAE04EC0-301F-11D3-BF4B-00C04F79EFBC}") = "CMS.AppRouters", "CMS.AppRouters\CMS.AppRouters.csproj", "{534DA5FE-6D91-4BE0-A410-9A79A4D9B6D9}"
EndProject
Project("{FAE04EC0-301F-11D3-BF4B-00C04F79EFBC}") = "AdminGenerator", "AdminGenerator\AdminGenerator.csproj", "{D771B2BD-9EAD-412F-84E6-342C10495447}"
EndProject
Project("{FAE04EC0-301F-11D3-BF4B-00C04F79EFBC}") = "AdminGeneratorAttribute", "AdminGeneratorAttribute\AdminGeneratorAttribute.csproj", "{8C51DBD4-DB28-4791-A1F4-06133D9CEFF1}"
EndProject
Project("{FAE04EC0-301F-11D3-BF4B-00C04F79EFBC}") = "AttributeTest", "AttributeTest\AttributeTest.csproj", "{A0FC0AEB-0598-4953-866C-A25D0FE951C4}"
EndProject
Project("{FAE04EC0-301F-11D3-BF4B-00C04F79EFBC}") = "TestDemo", "TestDemo\TestDemo.csproj", "{B002E3CD-2368-4EBA-8822-65C2CB11F5CE}"
EndProject
Project("{2150E333-8FDC-42A3-9474-1A3956D46DE8}") = "KeyenceCollection", "KeyenceCollection", "{FECF6DBA-AD28-40DE-944D-B99BA96EE3D3}"
EndProject
Project("{FAE04EC0-301F-11D3-BF4B-00C04F79EFBC}") = "KeyenceCollectionModule", "KeyenceCollectionModule\KeyenceCollectionModule.csproj", "{C4661B0A-1512-4923-A8AD-48070BDEA519}"
EndProject
Project("{FAE04EC0-301F-11D3-BF4B-00C04F79EFBC}") = "XPrism.Core", "XPrism.Core\XPrism.Core.csproj", "{1E581814-4DAD-4DC8-A913-DB99D79A4590}"
EndProject
Global
	GlobalSection(SolutionConfigurationPlatforms) = preSolution
		Debug|Any CPU = Debug|Any CPU
		Release|Any CPU = Release|Any CPU
	EndGlobalSection
	GlobalSection(ProjectConfigurationPlatforms) = postSolution
		{2777E3A9-0C66-4F4D-BA68-F2A42803FD8F}.Debug|Any CPU.ActiveCfg = Debug|Any CPU
		{2777E3A9-0C66-4F4D-BA68-F2A42803FD8F}.Debug|Any CPU.Build.0 = Debug|Any CPU
		{2777E3A9-0C66-4F4D-BA68-F2A42803FD8F}.Release|Any CPU.ActiveCfg = Release|Any CPU
		{2777E3A9-0C66-4F4D-BA68-F2A42803FD8F}.Release|Any CPU.Build.0 = Release|Any CPU
		{78A4A09A-B20F-4103-9DF4-B5AE77AEC17B}.Debug|Any CPU.ActiveCfg = Debug|Any CPU
		{78A4A09A-B20F-4103-9DF4-B5AE77AEC17B}.Debug|Any CPU.Build.0 = Debug|Any CPU
		{78A4A09A-B20F-4103-9DF4-B5AE77AEC17B}.Release|Any CPU.ActiveCfg = Release|Any CPU
		{78A4A09A-B20F-4103-9DF4-B5AE77AEC17B}.Release|Any CPU.Build.0 = Release|Any CPU
		{720EF34A-9CE7-4EBD-A7BA-5B1E7F0BD173}.Debug|Any CPU.ActiveCfg = Debug|Any CPU
		{720EF34A-9CE7-4EBD-A7BA-5B1E7F0BD173}.Debug|Any CPU.Build.0 = Debug|Any CPU
		{720EF34A-9CE7-4EBD-A7BA-5B1E7F0BD173}.Release|Any CPU.ActiveCfg = Release|Any CPU
		{720EF34A-9CE7-4EBD-A7BA-5B1E7F0BD173}.Release|Any CPU.Build.0 = Release|Any CPU
		{B2F0EB2E-B796-482A-872B-9AC04CB7D336}.Debug|Any CPU.ActiveCfg = Debug|Any CPU
		{B2F0EB2E-B796-482A-872B-9AC04CB7D336}.Debug|Any CPU.Build.0 = Debug|Any CPU
		{B2F0EB2E-B796-482A-872B-9AC04CB7D336}.Release|Any CPU.ActiveCfg = Release|Any CPU
		{B2F0EB2E-B796-482A-872B-9AC04CB7D336}.Release|Any CPU.Build.0 = Release|Any CPU
		{2DF7B4AB-42D7-4440-A79F-BF791CE1CD42}.Debug|Any CPU.ActiveCfg = Debug|Any CPU
		{2DF7B4AB-42D7-4440-A79F-BF791CE1CD42}.Debug|Any CPU.Build.0 = Debug|Any CPU
		{2DF7B4AB-42D7-4440-A79F-BF791CE1CD42}.Release|Any CPU.ActiveCfg = Release|Any CPU
		{2DF7B4AB-42D7-4440-A79F-BF791CE1CD42}.Release|Any CPU.Build.0 = Release|Any CPU
		{FB8DF3D2-646E-43CB-A33F-157E5693FE31}.Debug|Any CPU.ActiveCfg = Debug|Any CPU
		{FB8DF3D2-646E-43CB-A33F-157E5693FE31}.Debug|Any CPU.Build.0 = Debug|Any CPU
		{FB8DF3D2-646E-43CB-A33F-157E5693FE31}.Release|Any CPU.ActiveCfg = Release|Any CPU
		{FB8DF3D2-646E-43CB-A33F-157E5693FE31}.Release|Any CPU.Build.0 = Release|Any CPU
		{6BEF36E3-52CE-45B2-B587-1E7149E527E3}.Debug|Any CPU.ActiveCfg = Debug|Any CPU
		{6BEF36E3-52CE-45B2-B587-1E7149E527E3}.Debug|Any CPU.Build.0 = Debug|Any CPU
		{6BEF36E3-52CE-45B2-B587-1E7149E527E3}.Release|Any CPU.ActiveCfg = Release|Any CPU
		{6BEF36E3-52CE-45B2-B587-1E7149E527E3}.Release|Any CPU.Build.0 = Release|Any CPU
		{206EEE1E-16E9-440A-A0AA-E6EF91D5F597}.Debug|Any CPU.ActiveCfg = Debug|Any CPU
		{206EEE1E-16E9-440A-A0AA-E6EF91D5F597}.Debug|Any CPU.Build.0 = Debug|Any CPU
		{206EEE1E-16E9-440A-A0AA-E6EF91D5F597}.Release|Any CPU.ActiveCfg = Release|Any CPU
		{206EEE1E-16E9-440A-A0AA-E6EF91D5F597}.Release|Any CPU.Build.0 = Release|Any CPU
		{A2C0A56F-F30A-4449-A273-9483E3EB745C}.Debug|Any CPU.ActiveCfg = Debug|Any CPU
		{A2C0A56F-F30A-4449-A273-9483E3EB745C}.Debug|Any CPU.Build.0 = Debug|Any CPU
		{A2C0A56F-F30A-4449-A273-9483E3EB745C}.Release|Any CPU.ActiveCfg = Release|Any CPU
		{A2C0A56F-F30A-4449-A273-9483E3EB745C}.Release|Any CPU.Build.0 = Release|Any CPU
		{3DA82923-E485-4685-9A8D-02D3CF702F95}.Debug|Any CPU.ActiveCfg = Debug|Any CPU
		{3DA82923-E485-4685-9A8D-02D3CF702F95}.Debug|Any CPU.Build.0 = Debug|Any CPU
		{3DA82923-E485-4685-9A8D-02D3CF702F95}.Release|Any CPU.ActiveCfg = Release|Any CPU
		{3DA82923-E485-4685-9A8D-02D3CF702F95}.Release|Any CPU.Build.0 = Release|Any CPU
		{23F5247F-885C-4A94-9A29-C8A3FB0AB947}.Debug|Any CPU.ActiveCfg = Debug|Any CPU
		{23F5247F-885C-4A94-9A29-C8A3FB0AB947}.Debug|Any CPU.Build.0 = Debug|Any CPU
		{23F5247F-885C-4A94-9A29-C8A3FB0AB947}.Release|Any CPU.ActiveCfg = Release|Any CPU
		{23F5247F-885C-4A94-9A29-C8A3FB0AB947}.Release|Any CPU.Build.0 = Release|Any CPU
		{3EF4D945-2E87-4087-94E5-3958770149BF}.Debug|Any CPU.ActiveCfg = Debug|Any CPU
		{3EF4D945-2E87-4087-94E5-3958770149BF}.Debug|Any CPU.Build.0 = Debug|Any CPU
		{3EF4D945-2E87-4087-94E5-3958770149BF}.Release|Any CPU.ActiveCfg = Release|Any CPU
		{3EF4D945-2E87-4087-94E5-3958770149BF}.Release|Any CPU.Build.0 = Release|Any CPU
		{9760FEF4-98AD-4415-8F48-CE14ADD919CD}.Debug|Any CPU.ActiveCfg = Debug|Any CPU
		{9760FEF4-98AD-4415-8F48-CE14ADD919CD}.Debug|Any CPU.Build.0 = Debug|Any CPU
		{9760FEF4-98AD-4415-8F48-CE14ADD919CD}.Release|Any CPU.ActiveCfg = Release|Any CPU
		{9760FEF4-98AD-4415-8F48-CE14ADD919CD}.Release|Any CPU.Build.0 = Release|Any CPU
		{D967566B-96C8-4F06-8CA9-379723CB3135}.Debug|Any CPU.ActiveCfg = Debug|Any CPU
		{D967566B-96C8-4F06-8CA9-379723CB3135}.Debug|Any CPU.Build.0 = Debug|Any CPU
		{D967566B-96C8-4F06-8CA9-379723CB3135}.Release|Any CPU.ActiveCfg = Release|Any CPU
		{D967566B-96C8-4F06-8CA9-379723CB3135}.Release|Any CPU.Build.0 = Release|Any CPU
		{778DA9CF-7C73-40DA-AEAF-54C45EEBEC6F}.Debug|Any CPU.ActiveCfg = Debug|Any CPU
		{778DA9CF-7C73-40DA-AEAF-54C45EEBEC6F}.Debug|Any CPU.Build.0 = Debug|Any CPU
		{778DA9CF-7C73-40DA-AEAF-54C45EEBEC6F}.Release|Any CPU.ActiveCfg = Release|Any CPU
		{778DA9CF-7C73-40DA-AEAF-54C45EEBEC6F}.Release|Any CPU.Build.0 = Release|Any CPU
		{197062BB-62A5-4116-821A-652FEF37E731}.Debug|Any CPU.ActiveCfg = Debug|Any CPU
		{197062BB-62A5-4116-821A-652FEF37E731}.Debug|Any CPU.Build.0 = Debug|Any CPU
		{197062BB-62A5-4116-821A-652FEF37E731}.Release|Any CPU.ActiveCfg = Release|Any CPU
		{197062BB-62A5-4116-821A-652FEF37E731}.Release|Any CPU.Build.0 = Release|Any CPU
		{D16F015C-F286-4457-9BE8-10F0898B0447}.Debug|Any CPU.ActiveCfg = Debug|Any CPU
		{D16F015C-F286-4457-9BE8-10F0898B0447}.Debug|Any CPU.Build.0 = Debug|Any CPU
		{D16F015C-F286-4457-9BE8-10F0898B0447}.Release|Any CPU.ActiveCfg = Release|Any CPU
		{D16F015C-F286-4457-9BE8-10F0898B0447}.Release|Any CPU.Build.0 = Release|Any CPU
		{40241710-8EEE-42D4-93D6-E94BACD2D3F4}.Debug|Any CPU.ActiveCfg = Debug|Any CPU
		{40241710-8EEE-42D4-93D6-E94BACD2D3F4}.Debug|Any CPU.Build.0 = Debug|Any CPU
		{40241710-8EEE-42D4-93D6-E94BACD2D3F4}.Release|Any CPU.ActiveCfg = Release|Any CPU
		{40241710-8EEE-42D4-93D6-E94BACD2D3F4}.Release|Any CPU.Build.0 = Release|Any CPU
		{01210CA1-6F07-42CD-A8B7-C8BAADE351E1}.Debug|Any CPU.ActiveCfg = Debug|Any CPU
		{01210CA1-6F07-42CD-A8B7-C8BAADE351E1}.Debug|Any CPU.Build.0 = Debug|Any CPU
		{01210CA1-6F07-42CD-A8B7-C8BAADE351E1}.Release|Any CPU.ActiveCfg = Release|Any CPU
		{01210CA1-6F07-42CD-A8B7-C8BAADE351E1}.Release|Any CPU.Build.0 = Release|Any CPU
		{5B8EFC6B-18A4-456A-B082-077407FE3954}.Debug|Any CPU.ActiveCfg = Debug|Any CPU
		{5B8EFC6B-18A4-456A-B082-077407FE3954}.Debug|Any CPU.Build.0 = Debug|Any CPU
		{5B8EFC6B-18A4-456A-B082-077407FE3954}.Release|Any CPU.ActiveCfg = Release|Any CPU
		{5B8EFC6B-18A4-456A-B082-077407FE3954}.Release|Any CPU.Build.0 = Release|Any CPU
		{F04E79A6-752D-43C1-B058-8C23898D5911}.Debug|Any CPU.ActiveCfg = Debug|Any CPU
		{F04E79A6-752D-43C1-B058-8C23898D5911}.Debug|Any CPU.Build.0 = Debug|Any CPU
		{F04E79A6-752D-43C1-B058-8C23898D5911}.Release|Any CPU.ActiveCfg = Release|Any CPU
		{F04E79A6-752D-43C1-B058-8C23898D5911}.Release|Any CPU.Build.0 = Release|Any CPU
		{BF9CA831-314E-4E45-996D-FF269E36B336}.Debug|Any CPU.ActiveCfg = Debug|Any CPU
		{BF9CA831-314E-4E45-996D-FF269E36B336}.Debug|Any CPU.Build.0 = Debug|Any CPU
		{BF9CA831-314E-4E45-996D-FF269E36B336}.Release|Any CPU.ActiveCfg = Release|Any CPU
		{BF9CA831-314E-4E45-996D-FF269E36B336}.Release|Any CPU.Build.0 = Release|Any CPU
		{393767F4-17C1-4C12-B5D0-DDC8279807A5}.Debug|Any CPU.ActiveCfg = Debug|Any CPU
		{393767F4-17C1-4C12-B5D0-DDC8279807A5}.Debug|Any CPU.Build.0 = Debug|Any CPU
		{393767F4-17C1-4C12-B5D0-DDC8279807A5}.Release|Any CPU.ActiveCfg = Release|Any CPU
		{393767F4-17C1-4C12-B5D0-DDC8279807A5}.Release|Any CPU.Build.0 = Release|Any CPU
		{AF47D3BF-1B6E-4E1B-8DD0-5592CE8FCF48}.Debug|Any CPU.ActiveCfg = Debug|Any CPU
		{AF47D3BF-1B6E-4E1B-8DD0-5592CE8FCF48}.Debug|Any CPU.Build.0 = Debug|Any CPU
		{AF47D3BF-1B6E-4E1B-8DD0-5592CE8FCF48}.Release|Any CPU.ActiveCfg = Release|Any CPU
		{AF47D3BF-1B6E-4E1B-8DD0-5592CE8FCF48}.Release|Any CPU.Build.0 = Release|Any CPU
		{7B6AC0D8-2CAB-49A5-A196-418B55CCCF9C}.Debug|Any CPU.ActiveCfg = Debug|Any CPU
		{7B6AC0D8-2CAB-49A5-A196-418B55CCCF9C}.Debug|Any CPU.Build.0 = Debug|Any CPU
		{7B6AC0D8-2CAB-49A5-A196-418B55CCCF9C}.Release|Any CPU.ActiveCfg = Release|Any CPU
		{7B6AC0D8-2CAB-49A5-A196-418B55CCCF9C}.Release|Any CPU.Build.0 = Release|Any CPU
		{7B50E97D-C38C-4E6C-A10C-B6BE7A61D91F}.Debug|Any CPU.ActiveCfg = Debug|Any CPU
		{7B50E97D-C38C-4E6C-A10C-B6BE7A61D91F}.Debug|Any CPU.Build.0 = Debug|Any CPU
		{7B50E97D-C38C-4E6C-A10C-B6BE7A61D91F}.Release|Any CPU.ActiveCfg = Release|Any CPU
		{7B50E97D-C38C-4E6C-A10C-B6BE7A61D91F}.Release|Any CPU.Build.0 = Release|Any CPU
		{D4D72C47-EB1A-4C04-8908-2942D4FE4B70}.Debug|Any CPU.ActiveCfg = Debug|Any CPU
		{D4D72C47-EB1A-4C04-8908-2942D4FE4B70}.Debug|Any CPU.Build.0 = Debug|Any CPU
		{D4D72C47-EB1A-4C04-8908-2942D4FE4B70}.Release|Any CPU.ActiveCfg = Release|Any CPU
		{D4D72C47-EB1A-4C04-8908-2942D4FE4B70}.Release|Any CPU.Build.0 = Release|Any CPU
		{5333DAAF-E23C-4F8A-98C5-FA942076C9EE}.Debug|Any CPU.ActiveCfg = Debug|Any CPU
		{5333DAAF-E23C-4F8A-98C5-FA942076C9EE}.Debug|Any CPU.Build.0 = Debug|Any CPU
		{5333DAAF-E23C-4F8A-98C5-FA942076C9EE}.Release|Any CPU.ActiveCfg = Release|Any CPU
		{5333DAAF-E23C-4F8A-98C5-FA942076C9EE}.Release|Any CPU.Build.0 = Release|Any CPU
		{A44DD50D-76A6-43EE-86DE-4B1992A36D66}.Debug|Any CPU.ActiveCfg = Debug|Any CPU
		{A44DD50D-76A6-43EE-86DE-4B1992A36D66}.Debug|Any CPU.Build.0 = Debug|Any CPU
		{A44DD50D-76A6-43EE-86DE-4B1992A36D66}.Release|Any CPU.ActiveCfg = Release|Any CPU
		{A44DD50D-76A6-43EE-86DE-4B1992A36D66}.Release|Any CPU.Build.0 = Release|Any CPU
		{64E009BA-40C4-46F0-820C-F836E4F20773}.Debug|Any CPU.ActiveCfg = Debug|Any CPU
		{64E009BA-40C4-46F0-820C-F836E4F20773}.Debug|Any CPU.Build.0 = Debug|Any CPU
		{64E009BA-40C4-46F0-820C-F836E4F20773}.Release|Any CPU.ActiveCfg = Release|Any CPU
		{64E009BA-40C4-46F0-820C-F836E4F20773}.Release|Any CPU.Build.0 = Release|Any CPU
		{9743517F-D82D-412C-AF48-DE2BCC32D51E}.Debug|Any CPU.ActiveCfg = Debug|Any CPU
		{9743517F-D82D-412C-AF48-DE2BCC32D51E}.Debug|Any CPU.Build.0 = Debug|Any CPU
		{9743517F-D82D-412C-AF48-DE2BCC32D51E}.Release|Any CPU.ActiveCfg = Release|Any CPU
		{9743517F-D82D-412C-AF48-DE2BCC32D51E}.Release|Any CPU.Build.0 = Release|Any CPU
		{225C8C81-CF62-4228-8855-3ABC72AA0720}.Debug|Any CPU.ActiveCfg = Debug|Any CPU
		{225C8C81-CF62-4228-8855-3ABC72AA0720}.Debug|Any CPU.Build.0 = Debug|Any CPU
		{225C8C81-CF62-4228-8855-3ABC72AA0720}.Release|Any CPU.ActiveCfg = Release|Any CPU
		{225C8C81-CF62-4228-8855-3ABC72AA0720}.Release|Any CPU.Build.0 = Release|Any CPU
		{D415EA93-78D1-444A-A2D8-90701F366234}.Debug|Any CPU.ActiveCfg = Debug|Any CPU
		{D415EA93-78D1-444A-A2D8-90701F366234}.Debug|Any CPU.Build.0 = Debug|Any CPU
		{D415EA93-78D1-444A-A2D8-90701F366234}.Release|Any CPU.ActiveCfg = Release|Any CPU
		{D415EA93-78D1-444A-A2D8-90701F366234}.Release|Any CPU.Build.0 = Release|Any CPU
		{534DA5FE-6D91-4BE0-A410-9A79A4D9B6D9}.Debug|Any CPU.ActiveCfg = Debug|Any CPU
		{534DA5FE-6D91-4BE0-A410-9A79A4D9B6D9}.Debug|Any CPU.Build.0 = Debug|Any CPU
		{534DA5FE-6D91-4BE0-A410-9A79A4D9B6D9}.Release|Any CPU.ActiveCfg = Release|Any CPU
		{534DA5FE-6D91-4BE0-A410-9A79A4D9B6D9}.Release|Any CPU.Build.0 = Release|Any CPU
		{D771B2BD-9EAD-412F-84E6-342C10495447}.Debug|Any CPU.ActiveCfg = Debug|Any CPU
		{D771B2BD-9EAD-412F-84E6-342C10495447}.Debug|Any CPU.Build.0 = Debug|Any CPU
		{D771B2BD-9EAD-412F-84E6-342C10495447}.Release|Any CPU.ActiveCfg = Release|Any CPU
		{D771B2BD-9EAD-412F-84E6-342C10495447}.Release|Any CPU.Build.0 = Release|Any CPU
		{8C51DBD4-DB28-4791-A1F4-06133D9CEFF1}.Debug|Any CPU.ActiveCfg = Debug|Any CPU
		{8C51DBD4-DB28-4791-A1F4-06133D9CEFF1}.Debug|Any CPU.Build.0 = Debug|Any CPU
		{8C51DBD4-DB28-4791-A1F4-06133D9CEFF1}.Release|Any CPU.ActiveCfg = Release|Any CPU
		{8C51DBD4-DB28-4791-A1F4-06133D9CEFF1}.Release|Any CPU.Build.0 = Release|Any CPU
		{A0FC0AEB-0598-4953-866C-A25D0FE951C4}.Debug|Any CPU.ActiveCfg = Debug|Any CPU
		{A0FC0AEB-0598-4953-866C-A25D0FE951C4}.Debug|Any CPU.Build.0 = Debug|Any CPU
		{A0FC0AEB-0598-4953-866C-A25D0FE951C4}.Release|Any CPU.ActiveCfg = Release|Any CPU
		{A0FC0AEB-0598-4953-866C-A25D0FE951C4}.Release|Any CPU.Build.0 = Release|Any CPU
		{B002E3CD-2368-4EBA-8822-65C2CB11F5CE}.Debug|Any CPU.ActiveCfg = Debug|Any CPU
		{B002E3CD-2368-4EBA-8822-65C2CB11F5CE}.Debug|Any CPU.Build.0 = Debug|Any CPU
		{B002E3CD-2368-4EBA-8822-65C2CB11F5CE}.Release|Any CPU.ActiveCfg = Release|Any CPU
		{B002E3CD-2368-4EBA-8822-65C2CB11F5CE}.Release|Any CPU.Build.0 = Release|Any CPU
		{C4661B0A-1512-4923-A8AD-48070BDEA519}.Debug|Any CPU.ActiveCfg = Debug|Any CPU
		{C4661B0A-1512-4923-A8AD-48070BDEA519}.Debug|Any CPU.Build.0 = Debug|Any CPU
		{C4661B0A-1512-4923-A8AD-48070BDEA519}.Release|Any CPU.ActiveCfg = Release|Any CPU
		{C4661B0A-1512-4923-A8AD-48070BDEA519}.Release|Any CPU.Build.0 = Release|Any CPU
		{1E581814-4DAD-4DC8-A913-DB99D79A4590}.Debug|Any CPU.ActiveCfg = Debug|Any CPU
		{1E581814-4DAD-4DC8-A913-DB99D79A4590}.Debug|Any CPU.Build.0 = Debug|Any CPU
		{1E581814-4DAD-4DC8-A913-DB99D79A4590}.Release|Any CPU.ActiveCfg = Release|Any CPU
		{1E581814-4DAD-4DC8-A913-DB99D79A4590}.Release|Any CPU.Build.0 = Release|Any CPU
	EndGlobalSection
	GlobalSection(SolutionProperties) = preSolution
		HideSolutionNode = FALSE
	EndGlobalSection
	GlobalSection(NestedProjects) = preSolution
		{2777E3A9-0C66-4F4D-BA68-F2A42803FD8F} = {7D261E2A-B46B-478A-A9E2-42815C4E5993}
		{78A4A09A-B20F-4103-9DF4-B5AE77AEC17B} = {26F26A16-A771-42DF-AA15-69A66379ABC8}
		{720EF34A-9CE7-4EBD-A7BA-5B1E7F0BD173} = {26F26A16-A771-42DF-AA15-69A66379ABC8}
		{2DF7B4AB-42D7-4440-A79F-BF791CE1CD42} = {7D261E2A-B46B-478A-A9E2-42815C4E5993}
		{6EFA3031-9EFE-40F1-BCEE-D7BE9F152013} = {26F26A16-A771-42DF-AA15-69A66379ABC8}
		{FB8DF3D2-646E-43CB-A33F-157E5693FE31} = {6EFA3031-9EFE-40F1-BCEE-D7BE9F152013}
		{6BEF36E3-52CE-45B2-B587-1E7149E527E3} = {6EFA3031-9EFE-40F1-BCEE-D7BE9F152013}
		{206EEE1E-16E9-440A-A0AA-E6EF91D5F597} = {6EFA3031-9EFE-40F1-BCEE-D7BE9F152013}
		{A2C0A56F-F30A-4449-A273-9483E3EB745C} = {6EFA3031-9EFE-40F1-BCEE-D7BE9F152013}
		{3DA82923-E485-4685-9A8D-02D3CF702F95} = {6EFA3031-9EFE-40F1-BCEE-D7BE9F152013}
		{23F5247F-885C-4A94-9A29-C8A3FB0AB947} = {6EFA3031-9EFE-40F1-BCEE-D7BE9F152013}
		{3EF4D945-2E87-4087-94E5-3958770149BF} = {6EFA3031-9EFE-40F1-BCEE-D7BE9F152013}
		{9760FEF4-98AD-4415-8F48-CE14ADD919CD} = {6EFA3031-9EFE-40F1-BCEE-D7BE9F152013}
		{D967566B-96C8-4F06-8CA9-379723CB3135} = {6EFA3031-9EFE-40F1-BCEE-D7BE9F152013}
		{778DA9CF-7C73-40DA-AEAF-54C45EEBEC6F} = {6EFA3031-9EFE-40F1-BCEE-D7BE9F152013}
		{197062BB-62A5-4116-821A-652FEF37E731} = {6EFA3031-9EFE-40F1-BCEE-D7BE9F152013}
		{D16F015C-F286-4457-9BE8-10F0898B0447} = {26F26A16-A771-42DF-AA15-69A66379ABC8}
		{40241710-8EEE-42D4-93D6-E94BACD2D3F4} = {7D261E2A-B46B-478A-A9E2-42815C4E5993}
		{01210CA1-6F07-42CD-A8B7-C8BAADE351E1} = {7D261E2A-B46B-478A-A9E2-42815C4E5993}
		{5B8EFC6B-18A4-456A-B082-077407FE3954} = {6EFA3031-9EFE-40F1-BCEE-D7BE9F152013}
		{10238320-9030-4BDE-9433-9689E93C2AFC} = {26F26A16-A771-42DF-AA15-69A66379ABC8}
		{F04E79A6-752D-43C1-B058-8C23898D5911} = {10238320-9030-4BDE-9433-9689E93C2AFC}
		{BF9CA831-314E-4E45-996D-FF269E36B336} = {7D261E2A-B46B-478A-A9E2-42815C4E5993}
		{393767F4-17C1-4C12-B5D0-DDC8279807A5} = {B1A78237-79C8-4F4F-BB81-230D906052F1}
		{AF47D3BF-1B6E-4E1B-8DD0-5592CE8FCF48} = {B1A78237-79C8-4F4F-BB81-230D906052F1}
		{7B6AC0D8-2CAB-49A5-A196-418B55CCCF9C} = {64CA13E4-AAA0-4572-810B-146538904919}
		{7B50E97D-C38C-4E6C-A10C-B6BE7A61D91F} = {79D04301-5D74-43F8-9ADD-ECD440C6C7D5}
		{D4D72C47-EB1A-4C04-8908-2942D4FE4B70} = {79D04301-5D74-43F8-9ADD-ECD440C6C7D5}
		{5333DAAF-E23C-4F8A-98C5-FA942076C9EE} = {B1A78237-79C8-4F4F-BB81-230D906052F1}
		{A44DD50D-76A6-43EE-86DE-4B1992A36D66} = {B1A78237-79C8-4F4F-BB81-230D906052F1}
		{64E009BA-40C4-46F0-820C-F836E4F20773} = {D0EBCC1B-1721-46FD-A526-AC87B477FF5D}
		{9743517F-D82D-412C-AF48-DE2BCC32D51E} = {B1A78237-79C8-4F4F-BB81-230D906052F1}
		{225C8C81-CF62-4228-8855-3ABC72AA0720} = {79D04301-5D74-43F8-9ADD-ECD440C6C7D5}
		{D415EA93-78D1-444A-A2D8-90701F366234} = {64CA13E4-AAA0-4572-810B-146538904919}
		{534DA5FE-6D91-4BE0-A410-9A79A4D9B6D9} = {79D04301-5D74-43F8-9ADD-ECD440C6C7D5}
		{D771B2BD-9EAD-412F-84E6-342C10495447} = {7D261E2A-B46B-478A-A9E2-42815C4E5993}
		{8C51DBD4-DB28-4791-A1F4-06133D9CEFF1} = {7D261E2A-B46B-478A-A9E2-42815C4E5993}
		{A0FC0AEB-0598-4953-866C-A25D0FE951C4} = {B1A78237-79C8-4F4F-BB81-230D906052F1}
		{B002E3CD-2368-4EBA-8822-65C2CB11F5CE} = {B1A78237-79C8-4F4F-BB81-230D906052F1}
		{FECF6DBA-AD28-40DE-944D-B99BA96EE3D3} = {26F26A16-A771-42DF-AA15-69A66379ABC8}
		{C4661B0A-1512-4923-A8AD-48070BDEA519} = {FECF6DBA-AD28-40DE-944D-B99BA96EE3D3}
		{1E581814-4DAD-4DC8-A913-DB99D79A4590} = {7D261E2A-B46B-478A-A9E2-42815C4E5993}
	EndGlobalSection
	GlobalSection(ExtensibilityGlobals) = postSolution
		SolutionGuid = {7733E33D-5690-400F-882A-8B2C8D2417C3}
	EndGlobalSection
EndGlobal
